version = 1
revision = 3
requires-python = ">=3.13"

[[package]]
name = "pygame"
version = "2.6.1"
source = { registry = "https://pypi.org/simple" }
sdist = { url = "https://files.pythonhosted.org/packages/49/cc/08bba60f00541f62aaa252ce0cfbd60aebd04616c0b9574f755b583e45ae/pygame-2.6.1.tar.gz", hash = "sha256:56fb02ead529cee00d415c3e007f75e0780c655909aaa8e8bf616ee09c9feb1f", size = 14808125, upload-time = "2024-09-29T13:41:34.698Z" }
wheels = [
    { url = "https://files.pythonhosted.org/packages/e1/91/718acf3e2a9d08a6ddcc96bd02a6f63c99ee7ba14afeaff2a51c987df0b9/pygame-2.6.1-cp313-cp313-macosx_10_13_x86_64.whl", hash = "sha256:ae6039f3a55d800db80e8010f387557b528d34d534435e0871326804df2a62f2", size = 13090765, upload-time = "2024-09-29T14:27:02.377Z" },
    { url = "https://files.pythonhosted.org/packages/0e/c6/9cb315de851a7682d9c7568a41ea042ee98d668cb8deadc1dafcab6116f0/pygame-2.6.1-cp313-cp313-macosx_11_0_arm64.whl", hash = "sha256:2a3a1288e2e9b1e5834e425bedd5ba01a3cd4902b5c2bff8ed4a740ccfe98171", size = 12381704, upload-time = "2024-09-29T14:27:10.228Z" },
    { url = "https://files.pythonhosted.org/packages/9f/8f/617a1196e31ae3b46be6949fbaa95b8c93ce15e0544266198c2266cc1b4d/pygame-2.6.1-cp313-cp313-manylinux_2_17_aarch64.manylinux2014_aarch64.whl", hash = "sha256:27eb17e3dc9640e4b4683074f1890e2e879827447770470c2aba9f125f74510b", size = 13581091, upload-time = "2024-09-29T11:30:27.653Z" },
    { url = "https://files.pythonhosted.org/packages/3b/87/2851a564e40a2dad353f1c6e143465d445dab18a95281f9ea458b94f3608/pygame-2.6.1-cp313-cp313-manylinux_2_17_i686.manylinux2014_i686.whl", hash = "sha256:4c1623180e70a03c4a734deb9bac50fc9c82942ae84a3a220779062128e75f3b", size = 14273844, upload-time = "2024-09-29T11:40:04.138Z" },
    { url = "https://files.pythonhosted.org/packages/85/b5/aa23aa2e70bcba42c989c02e7228273c30f3b44b9b264abb93eaeff43ad7/pygame-2.6.1-cp313-cp313-manylinux_2_17_x86_64.manylinux2014_x86_64.whl", hash = "sha256:ef07c0103d79492c21fced9ad68c11c32efa6801ca1920ebfd0f15fb46c78b1c", size = 13951197, upload-time = "2024-09-29T11:40:06.785Z" },
    { url = "https://files.pythonhosted.org/packages/a6/06/29e939b34d3f1354738c7d201c51c250ad7abefefaf6f8332d962ff67c4b/pygame-2.6.1-cp313-cp313-win32.whl", hash = "sha256:3acd8c009317190c2bfd81db681ecef47d5eb108c2151d09596d9c7ea9df5c0e", size = 10249309, upload-time = "2024-09-29T11:10:23.329Z" },
    { url = "https://files.pythonhosted.org/packages/7e/11/17f7f319ca91824b86557e9303e3b7a71991ef17fd45286bf47d7f0a38e6/pygame-2.6.1-cp313-cp313-win_amd64.whl", hash = "sha256:813af4fba5d0b2cb8e58f5d95f7910295c34067dcc290d34f1be59c48bd1ea6a", size = 10620084, upload-time = "2024-09-29T11:48:51.587Z" },
]

[[package]]
name = "pyglm"
version = "2.8.3"
source = { registry = "https://pypi.org/simple" }
sdist = { url = "https://files.pythonhosted.org/packages/41/8b/bdaf7b9cacecd28f7b4c6fc2d7d136824c506ad38cfdb37a05ea7ec88694/pyglm-2.8.3.tar.gz", hash = "sha256:161781ea4d1267f796b645f85ebff53aeb8ee4f13b4e993c04d64c96d286e534", size = 584038, upload-time = "2025-11-26T12:12:59.47Z" }
wheels = [
    { url = "https://files.pythonhosted.org/packages/2d/22/ee11dff20adfc6aac3e0482ed275843e0b9854dbc2e812ab56cdacbed8d6/pyglm-2.8.3-cp313-cp313-macosx_10_13_x86_64.whl", hash = "sha256:7a6d07b6b73e55a36e1b6daa63acb53f4912f2ddf88f434af4cc70441435aef8", size = 1608547, upload-time = "2025-11-26T12:11:46.426Z" },
    { url = "https://files.pythonhosted.org/packages/1e/5f/10c4cd636c3e6c63328a476f84bb03501d8016f12053c3a82ba588fc61ce/pyglm-2.8.3-cp313-cp313-macosx_11_0_arm64.whl", hash = "sha256:eaf6241f7c3ff169575e11da78f4439422517e42558961332db4cd09e9599267", size = 1362651, upload-time = "2025-11-26T12:11:47.555Z" },
    { url = "https://files.pythonhosted.org/packages/ff/70/2c7fe768900ee9d0f87e7a89375fa7d83b5b0a8f0eee8d0ad06b22a96e37/pyglm-2.8.3-cp313-cp313-manylinux2014_aarch64.manylinux_2_17_aarch64.whl", hash = "sha256:e1ec0dfb8f2c848c4ee6330c70a1ca9333004776c8e5ec76096e0b67c739f688", size = 12157160, upload-time = "2025-11-26T12:11:49.042Z" },
    { url = "https://files.pythonhosted.org/packages/b0/a6/befefccf1c8a0a66f09a7a1a1d324a3f988cb5e6b634026280518e5a83cd/pyglm-2.8.3-cp313-cp313-manylinux2014_x86_64.manylinux_2_17_x86_64.whl", hash = "sha256:3eea9093210afb946769c84fe31f17a9f73696a1161ee84fb42e9255f8c5cc8a", size = 12787899, upload-time = "2025-11-26T12:11:50.946Z" },
    { url = "https://files.pythonhosted.org/packages/7c/d2/5475d0791b585ae26dc0d690862a0e1e6fda243552a1718628dd937e5543/pyglm-2.8.3-cp313-cp313-manylinux_2_34_aarch64.whl", hash = "sha256:0c652650912dbd88994fa02ec9dba2f3b35dc3995427b6ae8056ae542d5a060a", size = 10886936, upload-time = "2025-11-26T12:11:53.628Z" },
    { url = "https://files.pythonhosted.org/packages/e1/a1/035068410f60ed53007e0488af96f7e4634b679e9156d1090e70732b2159/pyglm-2.8.3-cp313-cp313-manylinux_2_34_x86_64.whl", hash = "sha256:e3bdda68f75ad270e66b0fc7a1883749489cca14c44cbe22bac038fa170a8a1c", size = 11711601, upload-time = "2025-11-26T12:11:55.367Z" },
    { url = "https://files.pythonhosted.org/packages/b5/e6/286d1879eae87199f086136b08c70a3bff27880417f98dadc0cbcdb65e50/pyglm-2.8.3-cp313-cp313-musllinux_1_2_aarch64.whl", hash = "sha256:08f8b1bd0d80ce396ee9cd5d3d4c7aeb4bbfa2a54dc73413924e3c9982412528", size = 11939755, upload-time = "2025-11-26T12:11:57.23Z" },
    { url = "https://files.pythonhosted.org/packages/72/58/f40f109ac025bb18412db78e6e73ffc20a17b6b495de90352f5aabfb9982/pyglm-2.8.3-cp313-cp313-musllinux_1_2_x86_64.whl", hash = "sha256:12fa61feefa5a255097d0887415bce9dd72c1dd5e5a8c6577121ee5348336a16", size = 12774242, upload-time = "2025-11-26T12:11:59.051Z" },
    { url = "https://files.pythonhosted.org/packages/17/fd/71b44ee5ac341e9979731a7b868e237f3775e140a9481cea79bae7abb83c/pyglm-2.8.3-cp313-cp313-win_amd64.whl", hash = "sha256:33118ef1d678ab573546757dee7f0a1ca2fba8e8d7760c9fe6320fe0cfa3deb7", size = 1663010, upload-time = "2025-11-26T12:12:00.914Z" },
    { url = "https://files.pythonhosted.org/packages/fa/1e/9b8ba9d4627585797d8bda952412c93a4c09b70cb25e64756a52accddc1e/pyglm-2.8.3-cp313-cp313-win_arm64.whl", hash = "sha256:73ff3785dfc4ce017626d7ab56d6711a7119c29e2e71294efed73810c1d307f9", size = 1239893, upload-time = "2025-11-26T12:12:02.032Z" },
    { url = "https://files.pythonhosted.org/packages/65/fe/494d7dce3fcaf0123e787320b4a558d8fe733d6d0e23b7fe51e687f88dc2/pyglm-2.8.3-cp314-cp314-macosx_10_15_x86_64.whl", hash = "sha256:b312012458d0537b3d84f24f4ba51fd3930df7a0773fc643e36f8df27b807c7a", size = 1610593, upload-time = "2025-11-26T12:12:03.136Z" },
    { url = "https://files.pythonhosted.org/packages/27/c0/37cced4a1b29957a29baebc1f0034be5d5419adf12da4b99140c56152cdb/pyglm-2.8.3-cp314-cp314-macosx_11_0_arm64.whl", hash = "sha256:3249bfe5352e18cc777fac591665679a99f270e1ff27cd11dc349af07684f007", size = 1366295, upload-time = "2025-11-26T12:12:04.176Z" },
    { url = "https://files.pythonhosted.org/packages/a7/ba/186176d1c3e26196ae4bec4b228bdbb1304576f2038a7f1635070923ee48/pyglm-2.8.3-cp314-cp314-manylinux2014_aarch64.manylinux_2_17_aarch64.whl", hash = "sha256:cb8ea0d6721c763a26eacde59b2c9165719050dcf49c99a2857f6e1e5a5f30bb", size = 12140715, upload-time = "2025-11-26T12:12:05.429Z" },
    { url = "https://files.pythonhosted.org/packages/eb/3e/8d9f307649e9b79b34ae51303e46e7012cc2550d60e6dd00ea8d3d8c9cf2/pyglm-2.8.3-cp314-cp314-manylinux2014_x86_64.manylinux_2_17_x86_64.whl", hash = "sha256:83effb89e2cf6dd79cf9ebecf2f9fbda3d25a92b61af264de3cadad408911de6", size = 12764551, upload-time = "2025-11-26T12:12:07.403Z" },
    { url = "https://files.pythonhosted.org/packages/4c/d6/2481433abe537d7019d9ce75eba86b57e1731e3e0352fd1ac7f31f4d1883/pyglm-2.8.3-cp314-cp314-manylinux_2_34_aarch64.whl", hash = "sha256:e958d65ed55f2716fd8a3a2ef872cc52893ea7300d7feec62dccb27ec25fbc2f", size = 10869966, upload-time = "2025-11-26T12:12:09.198Z" },
    { url = "https://files.pythonhosted.org/packages/fe/bf/3c78a9718e1d26c5b6ec468a584eb30cd797c46b6edd08e79cb1d67e8bf0/pyglm-2.8.3-cp314-cp314-manylinux_2_34_x86_64.whl", hash = "sha256:ec7cc14d2eb9f46a18012ee7c1a164e0395b058ceb6e341bf6d986316b698574", size = 11693025, upload-time = "2025-11-26T12:12:10.948Z" },
    { url = "https://files.pythonhosted.org/packages/d3/0d/00ef293153b6ca7e56d1be6facbd9d0a8e331d0c6d3114f47f2cf2913eda/pyglm-2.8.3-cp314-cp314-musllinux_1_2_aarch64.whl", hash = "sha256:4beb0ada21e7641a577f274496451befcde79965467ef4027bd933334b3de39b", size = 11920727, upload-time = "2025-11-26T12:12:12.845Z" },
    { url = "https://files.pythonhosted.org/packages/4e/10/d8ecf9b5ac3b6fc1b179b33dfbd087b8f4d4b12bab99b5794f569a15a99a/pyglm-2.8.3-cp314-cp314-musllinux_1_2_x86_64.whl", hash = "sha256:77878c1b8c713b9e39fe32f870d82e20c864da3b11a3b875eca06c270b04cdbe", size = 12759345, upload-time = "2025-11-26T12:12:14.705Z" },
    { url = "https://files.pythonhosted.org/packages/a1/d1/cc1f75ee77fd2f9bcb122bc7f3a628710fe3f0bc517333fa9f38268a7065/pyglm-2.8.3-cp314-cp314-win_amd64.whl", hash = "sha256:15c77bc46ff69d945565309e13ca99c4a001d6a941a80c45f26fbdec80fa16c4", size = 1710524, upload-time = "2025-11-26T12:12:16.486Z" },
    { url = "https://files.pythonhosted.org/packages/35/51/74c0a3107567dc769c06b6c04c7bc828f33792e089036c637334b7e4c573/pyglm-2.8.3-cp314-cp314-win_arm64.whl", hash = "sha256:2b16ec33bd43c514502bae8de2b319d168259090e101e1cde79cd0a7d33e1185", size = 1271521, upload-time = "2025-11-26T12:12:17.611Z" },
    { url = "https://files.pythonhosted.org/packages/32/8e/867045b54da8257b21c71c0255ba7a231c251aae4b5f26b12eb50b651cc7/pyglm-2.8.3-cp314-cp314t-macosx_10_15_x86_64.whl", hash = "sha256:6a1f1ab8debc06e0fdedb3f4285ded4bec38bf075652c393039838504767e6cf", size = 1633871, upload-time = "2025-11-26T12:12:18.791Z" },
    { url = "https://files.pythonhosted.org/packages/93/f5/81bb8b52e132dc1ecc87b7ffb50c714b4fd2f71f98b801dd376e036f942b/pyglm-2.8.3-cp314-cp314t-macosx_11_0_arm64.whl", hash = "sha256:a7835d18747ab9f8e736e343cc35bee0a514f18add282f1fc8035945fcf9d9bd", size = 1387757, upload-time = "2025-11-26T12:12:20.497Z" },
    { url = "https://files.pythonhosted.org/packages/32/40/8581283c00e2a18a6bb20a9192e25a792b605c53dee1c3abb8871eb0d3ca/pyglm-2.8.3-cp314-cp314t-manylinux2014_aarch64.manylinux_2_17_aarch64.whl", hash = "sha256:af3ddee3d150bbef68ee7338ccd3e0710b75b08121b8efd52d786b0d2b6731be", size = 12724921, upload-time = "2025-11-26T12:12:21.802Z" },
    { url = "https://files.pythonhosted.org/packages/a0/0e/bc3c03038da822d1a66c38e166d4c89b6bdab846e576ac226442813af7f4/pyglm-2.8.3-cp314-cp314t-manylinux2014_x86_64.manylinux_2_17_x86_64.whl", hash = "sha256:0a76c8eaba0c58f5738e87be5efcd16c4e75540fe6ebfdf15c236a799a61358e", size = 13317946, upload-time = "2025-11-26T12:12:23.947Z" },
    { url = "https://files.pythonhosted.org/packages/3b/21/b1f52dc73d610e36aa3ccf3ef61634530e6f97c2ca809a057839bf578667/pyglm-2.8.3-cp314-cp314t-manylinux_2_34_aarch64.whl", hash = "sha256:879ee9ab3c8ab47b1de59fe7e593eda854b8349f274ca60f057b83f3a405b84d", size = 11371582, upload-time = "2025-11-26T12:12:25.768Z" },
    { url = "https://files.pythonhosted.org/packages/16/aa/e03cc7a2daceb1bbdf98780a991a323e4078254584cf6664984a626ecfe1/pyglm-2.8.3-cp314-cp314t-manylinux_2_34_x86_64.whl", hash = "sha256:3e37c15b6c3e08f960b34ff9ec42e73469dfd868aec214e8a347da6c9d0245d6", size = 12192848, upload-time = "2025-11-26T12:12:28.606Z" },
    { url = "https://files.pythonhosted.org/packages/69/07/be893aee24a9a8b5400feda4d032fad9d281047d4379aa9f5ef4bea1f6a4/pyglm-2.8.3-cp314-cp314t-musllinux_1_2_aarch64.whl", hash = "sha256:bd34a8670debef4a55bc756b14cbe8b0a4daa49f8f6850c86c5e11d20554927f", size = 12414214, upload-time = "2025-11-26T12:12:30.438Z" },
    { url = "https://files.pythonhosted.org/packages/0c/06/6bb4e8a09f7dd2bf8dc1f4cc5edc938fc1247a1b2770833515fb418fc695/pyglm-2.8.3-cp314-cp314t-musllinux_1_2_x86_64.whl", hash = "sha256:699f852e0335b79d0b664ba1c2d02cb4689256cda786e7780e821f60b0824c46", size = 13237516, upload-time = "2025-11-26T12:12:32.412Z" },
    { url = "https://files.pythonhosted.org/packages/2b/5c/7f15edd05020540748dad8f5eae0a07ed7f14f699bff530172b8850bd998/pyglm-2.8.3-cp314-cp314t-win_amd64.whl", hash = "sha256:78caadaf9cc2ddea1c55b0d44fa8032f35c9f821a6f152b72422e5657d38f01d", size = 1764614, upload-time = "2025-11-26T12:12:34.498Z" },
    { url = "https://files.pythonhosted.org/packages/a7/f9/8bc8d010503a250319c55d2ceec5f90b0e807c7f85d581638c5ecd0a81de/pyglm-2.8.3-cp314-cp314t-win_arm64.whl", hash = "sha256:69400ad1852ca0972e4d9cbef9d9510941d4b81dc0fffebc5ac796a85440a119", size = 1292992, upload-time = "2025-11-26T12:12:35.681Z" },
]

[[package]]
name = "triproxim8-py"
version = "0.1.0"
source = { editable = "." }
dependencies = [
    { name = "pygame" },
    { name = "pyglm" },
]

[package.metadata]
requires-dist = [
    { name = "pygame", specifier = ">=2.6.0" },
    { name = "pyglm", specifier = ">=2.8.0" },
]
